
Microsoft Visual Studio Solution File, Format Version 12.00
# Visual Studio Version 17
VisualStudioVersion = 17.11.35312.102
MinimumVisualStudioVersion = 10.0.40219.1
Project("{FAE04EC0-301F-11D3-BF4B-00C04F79EFBC}") = "HelloWorld", "HelloWorld\HelloWorld.csproj", "{63F2B11C-657F-4C69-B682-BA425400DC2B}"
EndProject
Project("{FAE04EC0-301F-11D3-BF4B-00C04F79EFBC}") = "ConsoleApp1", "ConsoleApp1\ConsoleApp1.csproj", "{7054FB7C-3BB2-4487-AB87-2D29B7A20D53}"
EndProject
Project("{FAE04EC0-301F-11D3-BF4B-00C04F79EFBC}") = "ConsoleApp2", "ConsoleApp2\ConsoleApp2.csproj", "{D858A10E-2DFA-491A-8E11-5909F7E7AB2F}"
EndProject
Project("{FAE04EC0-301F-11D3-BF4B-00C04F79EFBC}") = "ConsoleApp3", "ConsoleApp3\ConsoleApp3.csproj", "{A9157E90-1637-44DC-B0A6-FF1A5ECCD3C4}"
EndProject
Project("{FAE04EC0-301F-11D3-BF4B-00C04F79EFBC}") = "ConsoleApp4", "ConsoleApp4\ConsoleApp4.csproj", "{3FC902D9-5427-46AB-A14D-C55921C5AB70}"
EndProject
Project("{FAE04EC0-301F-11D3-BF4B-00C04F79EFBC}") = "ConsoleApp5", "ConsoleApp5\ConsoleApp5.csproj", "{4D989E49-9613-4D30-A235-17D7EEB2ED99}"
EndProject
Project("{FAE04EC0-301F-11D3-BF4B-00C04F79EFBC}") = "ConsoleApp6", "ConsoleApp6\ConsoleApp6.csproj", "{3957EC11-1199-423A-B16B-129D7D1B4083}"
EndProject
Project("{FAE04EC0-301F-11D3-BF4B-00C04F79EFBC}") = "ConsoleApp7", "ConsoleApp7\ConsoleApp7.csproj", "{B7002C41-0161-4764-9221-59933FCC15BA}"
EndProject
Project("{FAE04EC0-301F-11D3-BF4B-00C04F79EFBC}") = "ConsoleApp8", "ConsoleApp8\ConsoleApp8.csproj", "{3231E8BD-916C-4669-9762-563E0A2196DB}"
EndProject
Project("{FAE04EC0-301F-11D3-BF4B-00C04F79EFBC}") = "ConsoleApp9", "ConsoleApp9\ConsoleApp9.csproj", "{B8521010-B5BB-4097-BF3E-0386E45AAFED}"
EndProject
Project("{FAE04EC0-301F-11D3-BF4B-00C04F79EFBC}") = "ConsoleApp10", "ConsoleApp10\ConsoleApp10.csproj", "{E7CF569F-1CA6-49A6-91FB-EBA226A8EFA2}"
EndProject
Project("{FAE04EC0-301F-11D3-BF4B-00C04F79EFBC}") = "ConsoleApp11", "ConsoleApp11\ConsoleApp11.csproj", "{D14EEA47-1CF8-4414-BA0E-B67FAB21B0A1}"
EndProject
Global
	GlobalSection(SolutionConfigurationPlatforms) = preSolution
		Debug|Any CPU = Debug|Any CPU
		Release|Any CPU = Release|Any CPU
	EndGlobalSection
	GlobalSection(ProjectConfigurationPlatforms) = postSolution
		{63F2B11C-657F-4C69-B682-BA425400DC2B}.Debug|Any CPU.ActiveCfg = Debug|Any CPU
		{63F2B11C-657F-4C69-B682-BA425400DC2B}.Debug|Any CPU.Build.0 = Debug|Any CPU
		{63F2B11C-657F-4C69-B682-BA425400DC2B}.Release|Any CPU.ActiveCfg = Release|Any CPU
		{63F2B11C-657F-4C69-B682-BA425400DC2B}.Release|Any CPU.Build.0 = Release|Any CPU
		{7054FB7C-3BB2-4487-AB87-2D29B7A20D53}.Debug|Any CPU.ActiveCfg = Debug|Any CPU
		{7054FB7C-3BB2-4487-AB87-2D29B7A20D53}.Debug|Any CPU.Build.0 = Debug|Any CPU
		{7054FB7C-3BB2-4487-AB87-2D29B7A20D53}.Release|Any CPU.ActiveCfg = Release|Any CPU
		{7054FB7C-3BB2-4487-AB87-2D29B7A20D53}.Release|Any CPU.Build.0 = Release|Any CPU
		{D858A10E-2DFA-491A-8E11-5909F7E7AB2F}.Debug|Any CPU.ActiveCfg = Debug|Any CPU
		{D858A10E-2DFA-491A-8E11-5909F7E7AB2F}.Debug|Any CPU.Build.0 = Debug|Any CPU
		{D858A10E-2DFA-491A-8E11-5909F7E7AB2F}.Release|Any CPU.ActiveCfg = Release|Any CPU
		{D858A10E-2DFA-491A-8E11-5909F7E7AB2F}.Release|Any CPU.Build.0 = Release|Any CPU
		{A9157E90-1637-44DC-B0A6-FF1A5ECCD3C4}.Debug|Any CPU.ActiveCfg = Debug|Any CPU
		{A9157E90-1637-44DC-B0A6-FF1A5ECCD3C4}.Debug|Any CPU.Build.0 = Debug|Any CPU
		{A9157E90-1637-44DC-B0A6-FF1A5ECCD3C4}.Release|Any CPU.ActiveCfg = Release|Any CPU
		{A9157E90-1637-44DC-B0A6-FF1A5ECCD3C4}.Release|Any CPU.Build.0 = Release|Any CPU
		{3FC902D9-5427-46AB-A14D-C55921C5AB70}.Debug|Any CPU.ActiveCfg = Debug|Any CPU
		{3FC902D9-5427-46AB-A14D-C55921C5AB70}.Debug|Any CPU.Build.0 = Debug|Any CPU
		{3FC902D9-5427-46AB-A14D-C55921C5AB70}.Release|Any CPU.ActiveCfg = Release|Any CPU
		{3FC902D9-5427-46AB-A14D-C55921C5AB70}.Release|Any CPU.Build.0 = Release|Any CPU
		{4D989E49-9613-4D30-A235-17D7EEB2ED99}.Debug|Any CPU.ActiveCfg = Debug|Any CPU
		{4D989E49-9613-4D30-A235-17D7EEB2ED99}.Debug|Any CPU.Build.0 = Debug|Any CPU
		{4D989E49-9613-4D30-A235-17D7EEB2ED99}.Release|Any CPU.ActiveCfg = Release|Any CPU
		{4D989E49-9613-4D30-A235-17D7EEB2ED99}.Release|Any CPU.Build.0 = Release|Any CPU
		{3957EC11-1199-423A-B16B-129D7D1B4083}.Debug|Any CPU.ActiveCfg = Debug|Any CPU
		{3957EC11-1199-423A-B16B-129D7D1B4083}.Debug|Any CPU.Build.0 = Debug|Any CPU
		{3957EC11-1199-423A-B16B-129D7D1B4083}.Release|Any CPU.ActiveCfg = Release|Any CPU
		{3957EC11-1199-423A-B16B-129D7D1B4083}.Release|Any CPU.Build.0 = Release|Any CPU
		{B7002C41-0161-4764-9221-59933FCC15BA}.Debug|Any CPU.ActiveCfg = Debug|Any CPU
		{B7002C41-0161-4764-9221-59933FCC15BA}.Debug|Any CPU.Build.0 = Debug|Any CPU
		{B7002C41-0161-4764-9221-59933FCC15BA}.Release|Any CPU.ActiveCfg = Release|Any CPU
		{B7002C41-0161-4764-9221-59933FCC15BA}.Release|Any CPU.Build.0 = Release|Any CPU
		{3231E8BD-916C-4669-9762-563E0A2196DB}.Debug|Any CPU.ActiveCfg = Debug|Any CPU
		{3231E8BD-916C-4669-9762-563E0A2196DB}.Debug|Any CPU.Build.0 = Debug|Any CPU
		{3231E8BD-916C-4669-9762-563E0A2196DB}.Release|Any CPU.ActiveCfg = Release|Any CPU
		{3231E8BD-916C-4669-9762-563E0A2196DB}.Release|Any CPU.Build.0 = Release|Any CPU
		{B8521010-B5BB-4097-BF3E-0386E45AAFED}.Debug|Any CPU.ActiveCfg = Debug|Any CPU
		{B8521010-B5BB-4097-BF3E-0386E45AAFED}.Debug|Any CPU.Build.0 = Debug|Any CPU
		{B8521010-B5BB-4097-BF3E-0386E45AAFED}.Release|Any CPU.ActiveCfg = Release|Any CPU
		{B8521010-B5BB-4097-BF3E-0386E45AAFED}.Release|Any CPU.Build.0 = Release|Any CPU
		{E7CF569F-1CA6-49A6-91FB-EBA226A8EFA2}.Debug|Any CPU.ActiveCfg = Debug|Any CPU
		{E7CF569F-1CA6-49A6-91FB-EBA226A8EFA2}.Debug|Any CPU.Build.0 = Debug|Any CPU
		{E7CF569F-1CA6-49A6-91FB-EBA226A8EFA2}.Release|Any CPU.ActiveCfg = Release|Any CPU
		{E7CF569F-1CA6-49A6-91FB-EBA226A8EFA2}.Release|Any CPU.Build.0 = Release|Any CPU
		{D14EEA47-1CF8-4414-BA0E-B67FAB21B0A1}.Debug|Any CPU.ActiveCfg = Debug|Any CPU
		{D14EEA47-1CF8-4414-BA0E-B67FAB21B0A1}.Debug|Any CPU.Build.0 = Debug|Any CPU
		{D14EEA47-1CF8-4414-BA0E-B67FAB21B0A1}.Release|Any CPU.ActiveCfg = Release|Any CPU
		{D14EEA47-1CF8-4414-BA0E-B67FAB21B0A1}.Release|Any CPU.Build.0 = Release|Any CPU
	EndGlobalSection
	GlobalSection(SolutionProperties) = preSolution
		HideSolutionNode = FALSE
	EndGlobalSection
	GlobalSection(ExtensibilityGlobals) = postSolution
		SolutionGuid = {3FAF729E-8245-415F-A066-A758132E98AC}
	EndGlobalSection
EndGlobal
